
Microsoft Visual Studio Solution File, Format Version 11.00
# Visual Studio 2010
Project("{FAE04EC0-301F-11D3-BF4B-00C04F79EFBC}") = "1.AllocateArray", "1.AllocateArray\1.AllocateArray.csproj", "{CD81BE84-A055-45E0-88C6-FF2134B3DCC4}"
EndProject
Project("{FAE04EC0-301F-11D3-BF4B-00C04F79EFBC}") = "2.CompareArrays", "2.CompareArrays\2.CompareArrays.csproj", "{43CCEAC5-9967-4AD4-9795-F0A2005E28CD}"
EndProject
Project("{FAE04EC0-301F-11D3-BF4B-00C04F79EFBC}") = "3.CompareCharArrays", "3.CompareCharArrays\3.CompareCharArrays.csproj", "{00E0682A-2CBD-444D-AC43-43A7AFF65D4E}"
EndProject
Project("{FAE04EC0-301F-11D3-BF4B-00C04F79EFBC}") = "4.MaximalSequence", "4.MaximalSequence\4.MaximalSequence.csproj", "{32E6FE02-6EA2-44B0-A4DC-9DEA8FD146AA}"
EndProject
Project("{FAE04EC0-301F-11D3-BF4B-00C04F79EFBC}") = "5.MaximalIncreasingSequence", "5.MaximalIncreasingSequence\5.MaximalIncreasingSequence.csproj", "{04E6061E-798D-4E73-8FD0-9A43D4FD178F}"
EndProject
Project("{FAE04EC0-301F-11D3-BF4B-00C04F79EFBC}") = "6.SelectionSort", "6.SelectionSort\6.SelectionSort.csproj", "{E05870EE-DB5C-4FA1-8152-1DEA4BFB162B}"
EndProject
Project("{FAE04EC0-301F-11D3-BF4B-00C04F79EFBC}") = "7.MostFrequentNumber", "7.MostFrequentNumber\7.MostFrequentNumber.csproj", "{4642044D-7300-41D7-A8D9-4766E62C1BD2}"
EndProject
Project("{FAE04EC0-301F-11D3-BF4B-00C04F79EFBC}") = "8.MaximalSequenceSum", "8.MaximalSequenceSum\8.MaximalSequenceSum.csproj", "{019F9B93-1E1D-4AEC-A43E-B5919E82F562}"
EndProject
Project("{FAE04EC0-301F-11D3-BF4B-00C04F79EFBC}") = "9.LetterIndex", "9.LetterIndex\9.LetterIndex.csproj", "{80DA7E58-0E50-4179-8E77-D2046F17B3EA}"
EndProject
Project("{FAE04EC0-301F-11D3-BF4B-00C04F79EFBC}") = "10.SieveOfEratosthenes", "10.SieveOfEratosthenes\10.SieveOfEratosthenes.csproj", "{04CCCDCA-6537-44C2-8FDA-66346776683F}"
EndProject
Global
	GlobalSection(SolutionConfigurationPlatforms) = preSolution
		Debug|x86 = Debug|x86
		Release|x86 = Release|x86
	EndGlobalSection
	GlobalSection(ProjectConfigurationPlatforms) = postSolution
		{CD81BE84-A055-45E0-88C6-FF2134B3DCC4}.Debug|x86.ActiveCfg = Debug|x86
		{CD81BE84-A055-45E0-88C6-FF2134B3DCC4}.Debug|x86.Build.0 = Debug|x86
		{CD81BE84-A055-45E0-88C6-FF2134B3DCC4}.Release|x86.ActiveCfg = Release|x86
		{CD81BE84-A055-45E0-88C6-FF2134B3DCC4}.Release|x86.Build.0 = Release|x86
		{43CCEAC5-9967-4AD4-9795-F0A2005E28CD}.Debug|x86.ActiveCfg = Debug|x86
		{43CCEAC5-9967-4AD4-9795-F0A2005E28CD}.Debug|x86.Build.0 = Debug|x86
		{43CCEAC5-9967-4AD4-9795-F0A2005E28CD}.Release|x86.ActiveCfg = Release|x86
		{43CCEAC5-9967-4AD4-9795-F0A2005E28CD}.Release|x86.Build.0 = Release|x86
		{00E0682A-2CBD-444D-AC43-43A7AFF65D4E}.Debug|x86.ActiveCfg = Debug|x86
		{00E0682A-2CBD-444D-AC43-43A7AFF65D4E}.Debug|x86.Build.0 = Debug|x86
		{00E0682A-2CBD-444D-AC43-43A7AFF65D4E}.Release|x86.ActiveCfg = Release|x86
		{00E0682A-2CBD-444D-AC43-43A7AFF65D4E}.Release|x86.Build.0 = Release|x86
		{32E6FE02-6EA2-44B0-A4DC-9DEA8FD146AA}.Debug|x86.ActiveCfg = Debug|x86
		{32E6FE02-6EA2-44B0-A4DC-9DEA8FD146AA}.Debug|x86.Build.0 = Debug|x86
		{32E6FE02-6EA2-44B0-A4DC-9DEA8FD146AA}.Release|x86.ActiveCfg = Release|x86
		{32E6FE02-6EA2-44B0-A4DC-9DEA8FD146AA}.Release|x86.Build.0 = Release|x86
		{04E6061E-798D-4E73-8FD0-9A43D4FD178F}.Debug|x86.ActiveCfg = Debug|x86
		{04E6061E-798D-4E73-8FD0-9A43D4FD178F}.Debug|x86.Build.0 = Debug|x86
		{04E6061E-798D-4E73-8FD0-9A43D4FD178F}.Release|x86.ActiveCfg = Release|x86
		{04E6061E-798D-4E73-8FD0-9A43D4FD178F}.Release|x86.Build.0 = Release|x86
		{E05870EE-DB5C-4FA1-8152-1DEA4BFB162B}.Debug|x86.ActiveCfg = Debug|x86
		{E05870EE-DB5C-4FA1-8152-1DEA4BFB162B}.Debug|x86.Build.0 = Debug|x86
		{E05870EE-DB5C-4FA1-8152-1DEA4BFB162B}.Release|x86.ActiveCfg = Release|x86
		{E05870EE-DB5C-4FA1-8152-1DEA4BFB162B}.Release|x86.Build.0 = Release|x86
		{4642044D-7300-41D7-A8D9-4766E62C1BD2}.Debug|x86.ActiveCfg = Debug|x86
		{4642044D-7300-41D7-A8D9-4766E62C1BD2}.Debug|x86.Build.0 = Debug|x86
		{4642044D-7300-41D7-A8D9-4766E62C1BD2}.Release|x86.ActiveCfg = Release|x86
		{4642044D-7300-41D7-A8D9-4766E62C1BD2}.Release|x86.Build.0 = Release|x86
		{019F9B93-1E1D-4AEC-A43E-B5919E82F562}.Debug|x86.ActiveCfg = Debug|x86
		{019F9B93-1E1D-4AEC-A43E-B5919E82F562}.Debug|x86.Build.0 = Debug|x86
		{019F9B93-1E1D-4AEC-A43E-B5919E82F562}.Release|x86.ActiveCfg = Release|x86
		{019F9B93-1E1D-4AEC-A43E-B5919E82F562}.Release|x86.Build.0 = Release|x86
		{80DA7E58-0E50-4179-8E77-D2046F17B3EA}.Debug|x86.ActiveCfg = Debug|x86
		{80DA7E58-0E50-4179-8E77-D2046F17B3EA}.Debug|x86.Build.0 = Debug|x86
		{80DA7E58-0E50-4179-8E77-D2046F17B3EA}.Release|x86.ActiveCfg = Release|x86
		{80DA7E58-0E50-4179-8E77-D2046F17B3EA}.Release|x86.Build.0 = Release|x86
		{04CCCDCA-6537-44C2-8FDA-66346776683F}.Debug|x86.ActiveCfg = Debug|x86
		{04CCCDCA-6537-44C2-8FDA-66346776683F}.Debug|x86.Build.0 = Debug|x86
		{04CCCDCA-6537-44C2-8FDA-66346776683F}.Release|x86.ActiveCfg = Release|x86
		{04CCCDCA-6537-44C2-8FDA-66346776683F}.Release|x86.Build.0 = Release|x86
	EndGlobalSection
	GlobalSection(SolutionProperties) = preSolution
		HideSolutionNode = FALSE
	EndGlobalSection
EndGlobal
